
Microsoft Visual Studio Solution File, Format Version 12.00
# Visual Studio 15
VisualStudioVersion = 15.0.28010.2048
MinimumVisualStudioVersion = 10.0.40219.1
Project("{FAE04EC0-301F-11D3-BF4B-00C04F79EFBC}") = "SubnauticaMiniMap", "SubnauticaMiniMap.csproj", "{6BC1D66F-2EAC-46DD-A3C1-A2AA5B1C2C4D}"
EndProject
Global
	GlobalSection(SolutionConfigurationPlatforms) = preSolution
		Debug|Any CPU = Debug|Any CPU
		Release|Any CPU = Release|Any CPU
	EndGlobalSection
	GlobalSection(ProjectConfigurationPlatforms) = postSolution
		{6BC1D66F-2EAC-46DD-A3C1-A2AA5B1C2C4D}.Debug|Any CPU.ActiveCfg = Debug|Any CPU
		{6BC1D66F-2EAC-46DD-A3C1-A2AA5B1C2C4D}.Debug|Any CPU.Build.0 = Debug|Any CPU
		{6BC1D66F-2EAC-46DD-A3C1-A2AA5B1C2C4D}.Release|Any CPU.ActiveCfg = Release|Any CPU
		{6BC1D66F-2EAC-46DD-A3C1-A2AA5B1C2C4D}.Release|Any CPU.Build.0 = Release|Any CPU
	EndGlobalSection
	GlobalSection(SolutionProperties) = preSolution
		HideSolutionNode = FALSE
	EndGlobalSection
	GlobalSection(ExtensibilityGlobals) = postSolution
		SolutionGuid = {D884F040-F198-4050-B13C-B5D4337C7250}
	EndGlobalSection
EndGlobal
